
Microsoft Visual Studio Solution File, Format Version 12.00
# Visual Studio Version 17
VisualStudioVersion = 17.5.2.0
MinimumVisualStudioVersion = 10.0.40219.1
Project("{FAE04EC0-301F-11D3-BF4B-00C04F79EFBC}") = "R6tracker.Core", "R6tracker.Core\R6tracker.Core.csproj", "{62A86A05-4D2A-08B9-3134-6A096E48D06B}"
EndProject
Project("{FAE04EC0-301F-11D3-BF4B-00C04F79EFBC}") = "R6tracker.Infrastructure", "R6tracker.Infrastructure\R6tracker.Infrastructure.csproj", "{99177D1D-445E-3C3F-A7AE-24E4FB9245CD}"
EndProject
Project("{FAE04EC0-301F-11D3-BF4B-00C04F79EFBC}") = "R6tracker.API", "R6tracker.API\R6tracker.API.csproj", "{F6EEE1AB-2091-4EC3-A8F5-B00EB6F1AC5E}"
EndProject
Project("{FAE04EC0-301F-11D3-BF4B-00C04F79EFBC}") = "R6tracker.Tests", "R6tracker.Tests\R6tracker.Tests.csproj", "{81EF3E87-5D68-4120-9A12-20057AB1B23E}"
EndProject
Global
	GlobalSection(SolutionConfigurationPlatforms) = preSolution
		Debug|Any CPU = Debug|Any CPU
		Debug|x64 = Debug|x64
		Debug|x86 = Debug|x86
		Release|Any CPU = Release|Any CPU
		Release|x64 = Release|x64
		Release|x86 = Release|x86
	EndGlobalSection
	GlobalSection(ProjectConfigurationPlatforms) = postSolution
		{62A86A05-4D2A-08B9-3134-6A096E48D06B}.Debug|Any CPU.ActiveCfg = Debug|Any CPU
		{62A86A05-4D2A-08B9-3134-6A096E48D06B}.Debug|Any CPU.Build.0 = Debug|Any CPU
		{62A86A05-4D2A-08B9-3134-6A096E48D06B}.Debug|x64.ActiveCfg = Debug|Any CPU
		{62A86A05-4D2A-08B9-3134-6A096E48D06B}.Debug|x64.Build.0 = Debug|Any CPU
		{62A86A05-4D2A-08B9-3134-6A096E48D06B}.Debug|x86.ActiveCfg = Debug|Any CPU
		{62A86A05-4D2A-08B9-3134-6A096E48D06B}.Debug|x86.Build.0 = Debug|Any CPU
		{62A86A05-4D2A-08B9-3134-6A096E48D06B}.Release|Any CPU.ActiveCfg = Release|Any CPU
		{62A86A05-4D2A-08B9-3134-6A096E48D06B}.Release|Any CPU.Build.0 = Release|Any CPU
		{62A86A05-4D2A-08B9-3134-6A096E48D06B}.Release|x64.ActiveCfg = Release|Any CPU
		{62A86A05-4D2A-08B9-3134-6A096E48D06B}.Release|x64.Build.0 = Release|Any CPU
		{62A86A05-4D2A-08B9-3134-6A096E48D06B}.Release|x86.ActiveCfg = Release|Any CPU
		{62A86A05-4D2A-08B9-3134-6A096E48D06B}.Release|x86.Build.0 = Release|Any CPU
		{99177D1D-445E-3C3F-A7AE-24E4FB9245CD}.Debug|Any CPU.ActiveCfg = Debug|Any CPU
		{99177D1D-445E-3C3F-A7AE-24E4FB9245CD}.Debug|Any CPU.Build.0 = Debug|Any CPU
		{99177D1D-445E-3C3F-A7AE-24E4FB9245CD}.Debug|x64.ActiveCfg = Debug|Any CPU
		{99177D1D-445E-3C3F-A7AE-24E4FB9245CD}.Debug|x64.Build.0 = Debug|Any CPU
		{99177D1D-445E-3C3F-A7AE-24E4FB9245CD}.Debug|x86.ActiveCfg = Debug|Any CPU
		{99177D1D-445E-3C3F-A7AE-24E4FB9245CD}.Debug|x86.Build.0 = Debug|Any CPU
		{99177D1D-445E-3C3F-A7AE-24E4FB9245CD}.Release|Any CPU.ActiveCfg = Release|Any CPU
		{99177D1D-445E-3C3F-A7AE-24E4FB9245CD}.Release|Any CPU.Build.0 = Release|Any CPU
		{99177D1D-445E-3C3F-A7AE-24E4FB9245CD}.Release|x64.ActiveCfg = Release|Any CPU
		{99177D1D-445E-3C3F-A7AE-24E4FB9245CD}.Release|x64.Build.0 = Release|Any CPU
		{99177D1D-445E-3C3F-A7AE-24E4FB9245CD}.Release|x86.ActiveCfg = Release|Any CPU
		{99177D1D-445E-3C3F-A7AE-24E4FB9245CD}.Release|x86.Build.0 = Release|Any CPU
		{F6EEE1AB-2091-4EC3-A8F5-B00EB6F1AC5E}.Debug|Any CPU.ActiveCfg = Debug|Any CPU
		{F6EEE1AB-2091-4EC3-A8F5-B00EB6F1AC5E}.Debug|Any CPU.Build.0 = Debug|Any CPU
		{F6EEE1AB-2091-4EC3-A8F5-B00EB6F1AC5E}.Debug|x64.ActiveCfg = Debug|Any CPU
		{F6EEE1AB-2091-4EC3-A8F5-B00EB6F1AC5E}.Debug|x64.Build.0 = Debug|Any CPU
		{F6EEE1AB-2091-4EC3-A8F5-B00EB6F1AC5E}.Debug|x86.ActiveCfg = Debug|Any CPU
		{F6EEE1AB-2091-4EC3-A8F5-B00EB6F1AC5E}.Debug|x86.Build.0 = Debug|Any CPU
		{F6EEE1AB-2091-4EC3-A8F5-B00EB6F1AC5E}.Release|Any CPU.ActiveCfg = Release|Any CPU
		{F6EEE1AB-2091-4EC3-A8F5-B00EB6F1AC5E}.Release|Any CPU.Build.0 = Release|Any CPU
		{F6EEE1AB-2091-4EC3-A8F5-B00EB6F1AC5E}.Release|x64.ActiveCfg = Release|Any CPU
		{F6EEE1AB-2091-4EC3-A8F5-B00EB6F1AC5E}.Release|x64.Build.0 = Release|Any CPU
		{F6EEE1AB-2091-4EC3-A8F5-B00EB6F1AC5E}.Release|x86.ActiveCfg = Release|Any CPU
		{F6EEE1AB-2091-4EC3-A8F5-B00EB6F1AC5E}.Release|x86.Build.0 = Release|Any CPU
		{81EF3E87-5D68-4120-9A12-20057AB1B23E}.Debug|Any CPU.ActiveCfg = Debug|Any CPU
		{81EF3E87-5D68-4120-9A12-20057AB1B23E}.Debug|Any CPU.Build.0 = Debug|Any CPU
		{81EF3E87-5D68-4120-9A12-20057AB1B23E}.Debug|x64.ActiveCfg = Debug|Any CPU
		{81EF3E87-5D68-4120-9A12-20057AB1B23E}.Debug|x64.Build.0 = Debug|Any CPU
		{81EF3E87-5D68-4120-9A12-20057AB1B23E}.Debug|x86.ActiveCfg = Debug|Any CPU
		{81EF3E87-5D68-4120-9A12-20057AB1B23E}.Debug|x86.Build.0 = Debug|Any CPU
		{81EF3E87-5D68-4120-9A12-20057AB1B23E}.Release|Any CPU.ActiveCfg = Release|Any CPU
		{81EF3E87-5D68-4120-9A12-20057AB1B23E}.Release|Any CPU.Build.0 = Release|Any CPU
		{81EF3E87-5D68-4120-9A12-20057AB1B23E}.Release|x64.ActiveCfg = Release|Any CPU
		{81EF3E87-5D68-4120-9A12-20057AB1B23E}.Release|x64.Build.0 = Release|Any CPU
		{81EF3E87-5D68-4120-9A12-20057AB1B23E}.Release|x86.ActiveCfg = Release|Any CPU
		{81EF3E87-5D68-4120-9A12-20057AB1B23E}.Release|x86.Build.0 = Release|Any CPU
	EndGlobalSection
	GlobalSection(SolutionProperties) = preSolution
		HideSolutionNode = FALSE
	EndGlobalSection
	GlobalSection(ExtensibilityGlobals) = postSolution
		SolutionGuid = {A3AF5F67-7515-40B2-B394-B16B090246B6}
	EndGlobalSection
EndGlobal
